
Microsoft Visual Studio Solution File, Format Version 12.00
# Visual Studio Version 17
VisualStudioVersion = 17.0.32014.148
MinimumVisualStudioVersion = 10.0.40219.1
Project("{E24C65DC-7377-472B-9ABA-BC803B73C61A}") = "ServiceManagement", "ServiceManagement\", "{F67BFA72-0423-4CED-B5AF-A8AF4AFB1441}"
	ProjectSection(WebsiteProperties) = preProject
		TargetFrameworkMoniker = ".NETFramework,Version%3Dv4.7.2"
		Debug.AspNetCompiler.VirtualPath = "/localhost_54844"
		Debug.AspNetCompiler.PhysicalPath = "ServiceManagement\"
		Debug.AspNetCompiler.TargetPath = "PrecompiledWeb\localhost_54844\"
		Debug.AspNetCompiler.Updateable = "true"
		Debug.AspNetCompiler.ForceOverwrite = "true"
		Debug.AspNetCompiler.FixedNames = "false"
		Debug.AspNetCompiler.Debug = "True"
		Release.AspNetCompiler.VirtualPath = "/localhost_54844"
		Release.AspNetCompiler.PhysicalPath = "ServiceManagement\"
		Release.AspNetCompiler.TargetPath = "PrecompiledWeb\localhost_54844\"
		Release.AspNetCompiler.Updateable = "true"
		Release.AspNetCompiler.ForceOverwrite = "true"
		Release.AspNetCompiler.FixedNames = "false"
		Release.AspNetCompiler.Debug = "False"
		VWDPort = "54844"
		SlnRelativePath = "ServiceManagement\"
		DefaultWebSiteLanguage = "Visual C#"
	EndProjectSection
EndProject
Global
	GlobalSection(SolutionConfigurationPlatforms) = preSolution
		Debug|Any CPU = Debug|Any CPU
	EndGlobalSection
	GlobalSection(ProjectConfigurationPlatforms) = postSolution
		{F67BFA72-0423-4CED-B5AF-A8AF4AFB1441}.Debug|Any CPU.ActiveCfg = Debug|Any CPU
		{F67BFA72-0423-4CED-B5AF-A8AF4AFB1441}.Debug|Any CPU.Build.0 = Debug|Any CPU
	EndGlobalSection
	GlobalSection(SolutionProperties) = preSolution
		HideSolutionNode = FALSE
	EndGlobalSection
	GlobalSection(ExtensibilityGlobals) = postSolution
		SolutionGuid = {AB72B06F-AB34-4440-BA97-ABDF74EEAF8A}
	EndGlobalSection
EndGlobal
